
Microsoft Visual Studio Solution File, Format Version 12.00
# Visual Studio 15
VisualStudioVersion = 15.0.27130.2036
MinimumVisualStudioVersion = 10.0.40219.1
Project("{FAE04EC0-301F-11D3-BF4B-00C04F79EFBC}") = "WA1", "WA1\WA1.csproj", "{459B91DA-D0A7-4963-87DE-79D567D29676}"
EndProject
Global
	GlobalSection(SolutionConfigurationPlatforms) = preSolution
		Debug|Any CPU = Debug|Any CPU
		Release|Any CPU = Release|Any CPU
	EndGlobalSection
	GlobalSection(ProjectConfigurationPlatforms) = postSolution
		{459B91DA-D0A7-4963-87DE-79D567D29676}.Debug|Any CPU.ActiveCfg = Debug|Any CPU
		{459B91DA-D0A7-4963-87DE-79D567D29676}.Debug|Any CPU.Build.0 = Debug|Any CPU
		{459B91DA-D0A7-4963-87DE-79D567D29676}.Release|Any CPU.ActiveCfg = Release|Any CPU
		{459B91DA-D0A7-4963-87DE-79D567D29676}.Release|Any CPU.Build.0 = Release|Any CPU
	EndGlobalSection
	GlobalSection(SolutionProperties) = preSolution
		HideSolutionNode = FALSE
	EndGlobalSection
	GlobalSection(ExtensibilityGlobals) = postSolution
		SolutionGuid = {B33114B0-2A18-4C97-ABDA-7FB9936F0F1E}
	EndGlobalSection
EndGlobal
